<Solution>
  <Project Path="SmartCopy.Benchmarks/SmartCopy.Benchmarks.csproj" />
  <Project Path="SmartCopy.App/SmartCopy.App.csproj" />
  <Project Path="SmartCopy.Core/SmartCopy.Core.csproj" />
  <Project Path="SmartCopy.Tests/SmartCopy.Tests.csproj" />
  <Project Path="SmartCopy.UI/SmartCopy.UI.csproj" />
</Solution>
